// !$*UTF8*$!
{
	archiveVersion = 1;
	classes = {
	};
	objectVersion = 46;
	objects = {

/* Begin PBXBuildFile section */
		38FE4231190AE37000319E2F /* Foundation.framework in Frameworks */ = {isa = PBXBuildFile; fileRef = 38FE4230190AE36F00319E2F /* Foundation.framework */; };
		38FE4233190AE37000319E2F /* CoreGraphics.framework in Frameworks */ = {isa = PBXBuildFile; fileRef = 38FE4232190AE37000319E2F /* CoreGraphics.framework */; };
		38FE4235190AE37000319E2F /* UIKit.framework in Frameworks */ = {isa = PBXBuildFile; fileRef = 38FE4234190AE37000319E2F /* UIKit.framework */; };
		38FE423B190AE37000319E2F /* InfoPlist.strings in Resources */ = {isa = PBXBuildFile; fileRef = 38FE4239190AE37000319E2F /* InfoPlist.strings */; };
		38FE423D190AE37000319E2F /* main.m in Sources */ = {isa = PBXBuildFile; fileRef = 38FE423C190AE37000319E2F /* main.m */; };
		38FE4241190AE37000319E2F /* AppDelegate.m in Sources */ = {isa = PBXBuildFile; fileRef = 38FE4240190AE37000319E2F /* AppDelegate.m */; };
		38FE4244190AE37000319E2F /* Main.storyboard in Resources */ = {isa = PBXBuildFile; fileRef = 38FE4242190AE37000319E2F /* Main.storyboard */; };
		38FE4247190AE37000319E2F /* ViewController.m in Sources */ = {isa = PBXBuildFile; fileRef = 38FE4246190AE37000319E2F /* ViewController.m */; };
		38FE4249190AE37000319E2F /* Images.xcassets in Resources */ = {isa = PBXBuildFile; fileRef = 38FE4248190AE37000319E2F /* Images.xcassets */; };
		38FE4250190AE37000319E2F /* XCTest.framework in Frameworks */ = {isa = PBXBuildFile; fileRef = 38FE424F190AE37000319E2F /* XCTest.framework */; };
		38FE4251190AE37000319E2F /* Foundation.framework in Frameworks */ = {isa = PBXBuildFile; fileRef = 38FE4230190AE36F00319E2F /* Foundation.framework */; };
		38FE4252190AE37000319E2F /* UIKit.framework in Frameworks */ = {isa = PBXBuildFile; fileRef = 38FE4234190AE37000319E2F /* UIKit.framework */; };
		38FE425A190AE37000319E2F /* InfoPlist.strings in Resources */ = {isa = PBXBuildFile; fileRef = 38FE4258190AE37000319E2F /* InfoPlist.strings */; };
		38FE425C190AE37000319E2F /* NewProjTests.m in Sources */ = {isa = PBXBuildFile; fileRef = 38FE425B190AE37000319E2F /* NewProjTests.m */; };
/* End PBXBuildFile section */

/* Begin PBXContainerItemProxy section */
		38FE4253190AE37000319E2F /* PBXContainerItemProxy */ = {
			isa = PBXContainerItemProxy;
			containerPortal = 38FE4225190AE36F00319E2F /* Project object */;
			proxyType = 1;
			remoteGlobalIDString = 38FE422C190AE36F00319E2F;
			remoteInfo = NewProj;
		};
/* End PBXContainerItemProxy section */

/* Begin PBXFileReference section */
		38FE422D190AE36F00319E2F /* NewProj.app */ = {isa = PBXFileReference; explicitFileType = wrapper.application; includeInIndex = 0; path = NewProj.app; sourceTree = BUILT_PRODUCTS_DIR; };
		38FE4230190AE36F00319E2F /* Foundation.framework */ = {isa = PBXFileReference; lastKnownFileType = wrapper.framework; name = Foundation.framework; path = System/Library/Frameworks/Foundation.framework; sourceTree = SDKROOT; };
		38FE4232190AE37000319E2F /* CoreGraphics.framework */ = {isa = PBXFileReference; lastKnownFileType = wrapper.framework; name = CoreGraphics.framework; path = System/Library/Frameworks/CoreGraphics.framework; sourceTree = SDKROOT; };
		38FE4234190AE37000319E2F /* UIKit.framework */ = {isa = PBXFileReference; lastKnownFileType = wrapper.framework; name = UIKit.framework; path = System/Library/Frameworks/UIKit.framework; sourceTree = SDKROOT; };
		38FE4238190AE37000319E2F /* NewProj-Info.plist */ = {isa = PBXFileReference; lastKnownFileType = text.plist.xml; path = "NewProj-Info.plist"; sourceTree = "<group>"; };
		38FE423A190AE37000319E2F /* en */ = {isa = PBXFileReference; lastKnownFileType = text.plist.strings; name = en; path = en.lproj/InfoPlist.strings; sourceTree = "<group>"; };
		38FE423C190AE37000319E2F /* main.m */ = {isa = PBXFileReference; lastKnownFileType = sourcecode.c.objc; path = main.m; sourceTree = "<group>"; };
		38FE423E190AE37000319E2F /* NewProj-Prefix.pch */ = {isa = PBXFileReference; lastKnownFileType = sourcecode.c.h; path = "NewProj-Prefix.pch"; sourceTree = "<group>"; };
		38FE423F190AE37000319E2F /* AppDelegate.h */ = {isa = PBXFileReference; lastKnownFileType = sourcecode.c.h; path = AppDelegate.h; sourceTree = "<group>"; };
		38FE4240190AE37000319E2F /* AppDelegate.m */ = {isa = PBXFileReference; lastKnownFileType = sourcecode.c.objc; path = AppDelegate.m; sourceTree = "<group>"; };
		38FE4243190AE37000319E2F /* Base */ = {isa = PBXFileReference; lastKnownFileType = file.storyboard; name = Base; path = Base.lproj/Main.storyboard; sourceTree = "<group>"; };
		38FE4245190AE37000319E2F /* ViewController.h */ = {isa = PBXFileReference; lastKnownFileType = sourcecode.c.h; path = ViewController.h; sourceTree = "<group>"; };
		38FE4246190AE37000319E2F /* ViewController.m */ = {isa = PBXFileReference; lastKnownFileType = sourcecode.c.objc; path = ViewController.m; sourceTree = "<group>"; };
		38FE4248190AE37000319E2F /* Images.xcassets */ = {isa = PBXFileReference; lastKnownFileType = folder.assetcatalog; path = Images.xcassets; sourceTree = "<group>"; };
		38FE424E190AE37000319E2F /* NewProjTests.xctest */ = {isa = PBXFileReference; explicitFileType = wrapper.cfbundle; includeInIndex = 0; path = NewProjTests.xctest; sourceTree = BUILT_PRODUCTS_DIR; };
		38FE424F190AE37000319E2F /* XCTest.framework */ = {isa = PBXFileReference; lastKnownFileType = wrapper.framework; name = XCTest.framework; path = Library/Frameworks/XCTest.framework; sourceTree = DEVELOPER_DIR; };
		38FE4257190AE37000319E2F /* NewProjTests-Info.plist */ = {isa = PBXFileReference; lastKnownFileType = text.plist.xml; path = "NewProjTests-Info.plist"; sourceTree = "<group>"; };
		38FE4259190AE37000319E2F /* en */ = {isa = PBXFileReference; lastKnownFileType = text.plist.strings; name = en; path = en.lproj/InfoPlist.strings; sourceTree = "<group>"; };
		38FE425B190AE37000319E2F /* NewProjTests.m */ = {isa = PBXFileReference; lastKnownFileType = sourcecode.c.objc; path = NewProjTests.m; sourceTree = "<group>"; };
/* End PBXFileReference section */

/* Begin PBXFrameworksBuildPhase section */
		38FE422A190AE36F00319E2F /* Frameworks */ = {
			isa = PBXFrameworksBuildPhase;
			buildActionMask = 2147483647;
			files = (
				38FE4233190AE37000319E2F /* CoreGraphics.framework in Frameworks */,
				38FE4235190AE37000319E2F /* UIKit.framework in Frameworks */,
				38FE4231190AE37000319E2F /* Foundation.framework in Frameworks */,
			);
			runOnlyForDeploymentPostprocessing = 0;
		};
		38FE424B190AE37000319E2F /* Frameworks */ = {
			isa = PBXFrameworksBuildPhase;
			buildActionMask = 2147483647;
			files = (
				38FE4250190AE37000319E2F /* XCTest.framework in Frameworks */,
				38FE4252190AE37000319E2F /* UIKit.framework in Frameworks */,
				38FE4251190AE37000319E2F /* Foundation.framework in Frameworks */,
			);
			runOnlyForDeploymentPostprocessing = 0;
		};
/* End PBXFrameworksBuildPhase section */

/* Begin PBXGroup section */
		38FE4224190AE36F00319E2F = {
			isa = PBXGroup;
			children = (
				38FE4236190AE37000319E2F /* NewProj */,
				38FE4255190AE37000319E2F /* NewProjTests */,
				38FE422F190AE36F00319E2F /* Frameworks */,
				38FE422E190AE36F00319E2F /* Products */,
			);
			sourceTree = "<group>";
		};
		38FE422E190AE36F00319E2F /* Products */ = {
			isa = PBXGroup;
			children = (
				38FE422D190AE36F00319E2F /* NewProj.app */,
				38FE424E190AE37000319E2F /* NewProjTests.xctest */,
			);
			name = Products;
			sourceTree = "<group>";
		};
		38FE422F190AE36F00319E2F /* Frameworks */ = {
			isa = PBXGroup;
			children = (
				38FE4230190AE36F00319E2F /* Foundation.framework */,
				38FE4232190AE37000319E2F /* CoreGraphics.framework */,
				38FE4234190AE37000319E2F /* UIKit.framework */,
				38FE424F190AE37000319E2F /* XCTest.framework */,
			);
			name = Frameworks;
			sourceTree = "<group>";
		};
		38FE4236190AE37000319E2F /* NewProj */ = {
			isa = PBXGroup;
			children = (
				38FE423F190AE37000319E2F /* AppDelegate.h */,
				38FE4240190AE37000319E2F /* AppDelegate.m */,
				38FE4242190AE37000319E2F /* Main.storyboard */,
				38FE4245190AE37000319E2F /* ViewController.h */,
				38FE4246190AE37000319E2F /* ViewController.m */,
				38FE4248190AE37000319E2F /* Images.xcassets */,
				38FE4237190AE37000319E2F /* Supporting Files */,
			);
			path = NewProj;
			sourceTree = "<group>";
		};
		38FE4237190AE37000319E2F /* Supporting Files */ = {
			isa = PBXGroup;
			children = (
				38FE4238190AE37000319E2F /* NewProj-Info.plist */,
				38FE4239190AE37000319E2F /* InfoPlist.strings */,
				38FE423C190AE37000319E2F /* main.m */,
				38FE423E190AE37000319E2F /* NewProj-Prefix.pch */,
			);
			name = "Supporting Files";
			sourceTree = "<group>";
		};
		38FE4255190AE37000319E2F /* NewProjTests */ = {
			isa = PBXGroup;
			children = (
				38FE425B190AE37000319E2F /* NewProjTests.m */,
				38FE4256190AE37000319E2F /* Supporting Files */,
			);
			path = NewProjTests;
			sourceTree = "<group>";
		};
		38FE4256190AE37000319E2F /* Supporting Files */ = {
			isa = PBXGroup;
			children = (
				38FE4257190AE37000319E2F /* NewProjTests-Info.plist */,
				38FE4258190AE37000319E2F /* InfoPlist.strings */,
			);
			name = "Supporting Files";
			sourceTree = "<group>";
		};
/* End PBXGroup section */

/* Begin PBXNativeTarget section */
		38FE422C190AE36F00319E2F /* NewProj */ = {
			isa = PBXNativeTarget;
			buildConfigurationList = 38FE425F190AE37000319E2F /* Build configuration list for PBXNativeTarget "NewProj" */;
			buildPhases = (
				38FE4229190AE36F00319E2F /* Sources */,
				38FE422A190AE36F00319E2F /* Frameworks */,
				38FE422B190AE36F00319E2F /* Resources */,
			);
			buildRules = (
			);
			dependencies = (
			);
			name = NewProj;
			productName = NewProj;
			productReference = 38FE422D190AE36F00319E2F /* NewProj.app */;
			productType = "com.apple.product-type.application";
		};
		38FE424D190AE37000319E2F /* NewProjTests */ = {
			isa = PBXNativeTarget;
			buildConfigurationList = 38FE4262190AE37000319E2F /* Build configuration list for PBXNativeTarget "NewProjTests" */;
			buildPhases = (
				38FE424A190AE37000319E2F /* Sources */,
				38FE424B190AE37000319E2F /* Frameworks */,
				38FE424C190AE37000319E2F /* Resources */,
			);
			buildRules = (
			);
			dependencies = (
				38FE4254190AE37000319E2F /* PBXTargetDependency */,
			);
			name = NewProjTests;
			productName = NewProjTests;
			productReference = 38FE424E190AE37000319E2F /* NewProjTests.xctest */;
			productType = "com.apple.product-type.bundle.unit-test";
		};
/* End PBXNativeTarget section */

/* Begin PBXProject section */
		38FE4225190AE36F00319E2F /* Project object */ = {
			isa = PBXProject;
			attributes = {
				LastUpgradeCheck = 0510;
				ORGANIZATIONNAME = "Jilian Scott";
				TargetAttributes = {
					38FE424D190AE37000319E2F = {
						TestTargetID = 38FE422C190AE36F00319E2F;
					};
				};
			};
			buildConfigurationList = 38FE4228190AE36F00319E2F /* Build configuration list for PBXProject "NewProj" */;
			compatibilityVersion = "Xcode 3.2";
			developmentRegion = English;
			hasScannedForEncodings = 0;
			knownRegions = (
				en,
				Base,
			);
			mainGroup = 38FE4224190AE36F00319E2F;
			productRefGroup = 38FE422E190AE36F00319E2F /* Products */;
			projectDirPath = "";
			projectRoot = "";
			targets = (
				38FE422C190AE36F00319E2F /* NewProj */,
				38FE424D190AE37000319E2F /* NewProjTests */,
			);
		};
/* End PBXProject section */

/* Begin PBXResourcesBuildPhase section */
		38FE422B190AE36F00319E2F /* Resources */ = {
			isa = PBXResourcesBuildPhase;
			buildActionMask = 2147483647;
			files = (
				38FE4249190AE37000319E2F /* Images.xcassets in Resources */,
				38FE423B190AE37000319E2F /* InfoPlist.strings in Resources */,
				38FE4244190AE37000319E2F /* Main.storyboard in Resources */,
			);
			runOnlyForDeploymentPostprocessing = 0;
		};
		38FE424C190AE37000319E2F /* Resources */ = {
			isa = PBXResourcesBuildPhase;
			buildActionMask = 2147483647;
			files = (
				38FE425A190AE37000319E2F /* InfoPlist.strings in Resources */,
			);
			runOnlyForDeploymentPostprocessing = 0;
		};
/* End PBXResourcesBuildPhase section */

/* Begin PBXSourcesBuildPhase section */
		38FE4229190AE36F00319E2F /* Sources */ = {
			isa = PBXSourcesBuildPhase;
			buildActionMask = 2147483647;
			files = (
				38FE4247190AE37000319E2F /* ViewController.m in Sources */,
				38FE4241190AE37000319E2F /* AppDelegate.m in Sources */,
				38FE423D190AE37000319E2F /* main.m in Sources */,
			);
			runOnlyForDeploymentPostprocessing = 0;
		};
		38FE424A190AE37000319E2F /* Sources */ = {
			isa = PBXSourcesBuildPhase;
			buildActionMask = 2147483647;
			files = (
				38FE425C190AE37000319E2F /* NewProjTests.m in Sources */,
			);
			runOnlyForDeploymentPostprocessing = 0;
		};
/* End PBXSourcesBuildPhase section */

/* Begin PBXTargetDependency section */
		38FE4254190AE37000319E2F /* PBXTargetDependency */ = {
			isa = PBXTargetDependency;
			target = 38FE422C190AE36F00319E2F /* NewProj */;
			targetProxy = 38FE4253190AE37000319E2F /* PBXContainerItemProxy */;
		};
/* End PBXTargetDependency section */

/* Begin PBXVariantGroup section */
		38FE4239190AE37000319E2F /* InfoPlist.strings */ = {
			isa = PBXVariantGroup;
			children = (
				38FE423A190AE37000319E2F /* en */,
			);
			name = InfoPlist.strings;
			sourceTree = "<group>";
		};
		38FE4242190AE37000319E2F /* Main.storyboard */ = {
			isa = PBXVariantGroup;
			children = (
				38FE4243190AE37000319E2F /* Base */,
			);
			name = Main.storyboard;
			sourceTree = "<group>";
		};
		38FE4258190AE37000319E2F /* InfoPlist.strings */ = {
			isa = PBXVariantGroup;
			children = (
				38FE4259190AE37000319E2F /* en */,
			);
			name = InfoPlist.strings;
			sourceTree = "<group>";
		};
/* End PBXVariantGroup section */

/* Begin XCBuildConfiguration section */
		38FE425D190AE37000319E2F /* Debug */ = {
			isa = XCBuildConfiguration;
			buildSettings = {
				ALWAYS_SEARCH_USER_PATHS = NO;
				CLANG_CXX_LANGUAGE_STANDARD = "gnu++0x";
				CLANG_CXX_LIBRARY = "libc++";
				CLANG_ENABLE_MODULES = YES;
				CLANG_ENABLE_OBJC_ARC = YES;
				CLANG_WARN_BOOL_CONVERSION = YES;
				CLANG_WARN_CONSTANT_CONVERSION = YES;
				CLANG_WARN_DIRECT_OBJC_ISA_USAGE = YES_ERROR;
				CLANG_WARN_EMPTY_BODY = YES;
				CLANG_WARN_ENUM_CONVERSION = YES;
				CLANG_WARN_INT_CONVERSION = YES;
				CLANG_WARN_OBJC_ROOT_CLASS = YES_ERROR;
				CLANG_WARN__DUPLICATE_METHOD_MATCH = YES;
				"CODE_SIGN_IDENTITY[sdk=iphoneos*]" = "iPhone Developer";
				COPY_PHASE_STRIP = NO;
				GCC_C_LANGUAGE_STANDARD = gnu99;
				GCC_DYNAMIC_NO_PIC = NO;
				GCC_OPTIMIZATION_LEVEL = 0;
				GCC_PREPROCESSOR_DEFINITIONS = (
					"DEBUG=1",
					"$(inherited)",
				);
				GCC_SYMBOLS_PRIVATE_EXTERN = NO;
				GCC_WARN_64_TO_32_BIT_CONVERSION = YES;
				GCC_WARN_ABOUT_RETURN_TYPE = YES_ERROR;
				GCC_WARN_UNDECLARED_SELECTOR = YES;
				GCC_WARN_UNINITIALIZED_AUTOS = YES_AGGRESSIVE;
				GCC_WARN_UNUSED_FUNCTION = YES;
				GCC_WARN_UNUSED_VARIABLE = YES;
				IPHONEOS_DEPLOYMENT_TARGET = 7.1;
				ONLY_ACTIVE_ARCH = YES;
				SDKROOT = iphoneos;
			};
			name = Debug;
		};
		38FE425E190AE37000319E2F /* Release */ = {
			isa = XCBuildConfiguration;
			buildSettings = {
				ALWAYS_SEARCH_USER_PATHS = NO;
				CLANG_CXX_LANGUAGE_STANDARD = "gnu++0x";
				CLANG_CXX_LIBRARY = "libc++";
				CLANG_ENABLE_MODULES = YES;
				CLANG_ENABLE_OBJC_ARC = YES;
				CLANG_WARN_BOOL_CONVERSION = YES;
				CLANG_WARN_CONSTANT_CONVERSION = YES;
				CLANG_WARN_DIRECT_OBJC_ISA_USAGE = YES_ERROR;
				CLANG_WARN_EMPTY_BODY = YES;
				CLANG_WARN_ENUM_CONVERSION = YES;
				CLANG_WARN_INT_CONVERSION = YES;
				CLANG_WARN_OBJC_ROOT_CLASS = YES_ERROR;
				CLANG_WARN__DUPLICATE_METHOD_MATCH = YES;
				"CODE_SIGN_IDENTITY[sdk=iphoneos*]" = "iPhone Developer";
				COPY_PHASE_STRIP = YES;
				ENABLE_NS_ASSERTIONS = NO;
				GCC_C_LANGUAGE_STANDARD = gnu99;
				GCC_WARN_64_TO_32_BIT_CONVERSION = YES;
				GCC_WARN_ABOUT_RETURN_TYPE = YES_ERROR;
				GCC_WARN_UNDECLARED_SELECTOR = YES;
				GCC_WARN_UNINITIALIZED_AUTOS = YES_AGGRESSIVE;
				GCC_WARN_UNUSED_FUNCTION = YES;
				GCC_WARN_UNUSED_VARIABLE = YES;
				IPHONEOS_DEPLOYMENT_TARGET = 7.1;
				SDKROOT = iphoneos;
				VALIDATE_PRODUCT = YES;
			};
			name = Release;
		};
		38FE4260190AE37000319E2F /* Debug */ = {
			isa = XCBuildConfiguration;
			buildSettings = {
				ASSETCATALOG_COMPILER_APPICON_NAME = AppIcon;
				ASSETCATALOG_COMPILER_LAUNCHIMAGE_NAME = LaunchImage;
				GCC_PRECOMPILE_PREFIX_HEADER = YES;
				GCC_PREFIX_HEADER = "NewProj/NewProj-Prefix.pch";
				INFOPLIST_FILE = "NewProj/NewProj-Info.plist";
				PRODUCT_NAME = "$(TARGET_NAME)";
				WRAPPER_EXTENSION = app;
			};
			name = Debug;
		};
		38FE4261190AE37000319E2F /* Release */ = {
			isa = XCBuildConfiguration;
			buildSettings = {
				ASSETCATALOG_COMPILER_APPICON_NAME = AppIcon;
				ASSETCATALOG_COMPILER_LAUNCHIMAGE_NAME = LaunchImage;
				GCC_PRECOMPILE_PREFIX_HEADER = YES;
				GCC_PREFIX_HEADER = "NewProj/NewProj-Prefix.pch";
				INFOPLIST_FILE = "NewProj/NewProj-Info.plist";
				PRODUCT_NAME = "$(TARGET_NAME)";
				WRAPPER_EXTENSION = app;
			};
			name = Release;
		};
		38FE4263190AE37000319E2F /* Debug */ = {
			isa = XCBuildConfiguration;
			buildSettings = {
				BUNDLE_LOADER = "$(BUILT_PRODUCTS_DIR)/NewProj.app/NewProj";
				FRAMEWORK_SEARCH_PATHS = (
					"$(SDKROOT)/Developer/Library/Frameworks",
					"$(inherited)",
					"$(DEVELOPER_FRAMEWORKS_DIR)",
				);
				GCC_PRECOMPILE_PREFIX_HEADER = YES;
				GCC_PREFIX_HEADER = "NewProj/NewProj-Prefix.pch";
				GCC_PREPROCESSOR_DEFINITIONS = (
					"DEBUG=1",
					"$(inherited)",
				);
				INFOPLIST_FILE = "NewProjTests/NewProjTests-Info.plist";
				PRODUCT_NAME = "$(TARGET_NAME)";
				TEST_HOST = "$(BUNDLE_LOADER)";
				WRAPPER_EXTENSION = xctest;
			};
			name = Debug;
		};
		38FE4264190AE37000319E2F /* Release */ = {
			isa = XCBuildConfiguration;
			buildSettings = {
				BUNDLE_LOADER = "$(BUILT_PRODUCTS_DIR)/NewProj.app/NewProj";
				FRAMEWORK_SEARCH_PATHS = (
					"$(SDKROOT)/Developer/Library/Frameworks",
					"$(inherited)",
					"$(DEVELOPER_FRAMEWORKS_DIR)",
				);
				GCC_PRECOMPILE_PREFIX_HEADER = YES;
				GCC_PREFIX_HEADER = "NewProj/NewProj-Prefix.pch";
				INFOPLIST_FILE = "NewProjTests/NewProjTests-Info.plist";
				PRODUCT_NAME = "$(TARGET_NAME)";
				TEST_HOST = "$(BUNDLE_LOADER)";
				WRAPPER_EXTENSION = xctest;
			};
			name = Release;
		};
/* End XCBuildConfiguration section */

/* Begin XCConfigurationList section */
		38FE4228190AE36F00319E2F /* Build configuration list for PBXProject "NewProj" */ = {
			isa = XCConfigurationList;
			buildConfigurations = (
				38FE425D190AE37000319E2F /* Debug */,
				38FE425E190AE37000319E2F /* Release */,
			);
			defaultConfigurationIsVisible = 0;
			defaultConfigurationName = Release;
		};
		38FE425F190AE37000319E2F /* Build configuration list for PBXNativeTarget "NewProj" */ = {
			isa = XCConfigurationList;
			buildConfigurations = (
				38FE4260190AE37000319E2F /* Debug */,
				38FE4261190AE37000319E2F /* Release */,
			);
			defaultConfigurationIsVisible = 0;
		};
		38FE4262190AE37000319E2F /* Build configuration list for PBXNativeTarget "NewProjTests" */ = {
			isa = XCConfigurationList;
			buildConfigurations = (
				38FE4263190AE37000319E2F /* Debug */,
				38FE4264190AE37000319E2F /* Release */,
			);
			defaultConfigurationIsVisible = 0;
		};
/* End XCConfigurationList section */
	};
	rootObject = 38FE4225190AE36F00319E2F /* Project object */;
}
