// !$*UTF8*$!
{
	archiveVersion = 1;
	classes = {
	};
	objectVersion = 46;
	objects = {

/* Begin PBXBuildFile section */
		38403E1B190F28B200DA39A0 /* Foundation.framework in Frameworks */ = {isa = PBXBuildFile; fileRef = 38403E1A190F28B200DA39A0 /* Foundation.framework */; };
		38403E1D190F28B200DA39A0 /* CoreGraphics.framework in Frameworks */ = {isa = PBXBuildFile; fileRef = 38403E1C190F28B200DA39A0 /* CoreGraphics.framework */; };
		38403E1F190F28B200DA39A0 /* UIKit.framework in Frameworks */ = {isa = PBXBuildFile; fileRef = 38403E1E190F28B200DA39A0 /* UIKit.framework */; };
		38403E25190F28B200DA39A0 /* InfoPlist.strings in Resources */ = {isa = PBXBuildFile; fileRef = 38403E23190F28B200DA39A0 /* InfoPlist.strings */; };
		38403E27190F28B200DA39A0 /* main.m in Sources */ = {isa = PBXBuildFile; fileRef = 38403E26190F28B200DA39A0 /* main.m */; };
		38403E2B190F28B200DA39A0 /* AppDelegate.m in Sources */ = {isa = PBXBuildFile; fileRef = 38403E2A190F28B200DA39A0 /* AppDelegate.m */; };
		38403E2E190F28B200DA39A0 /* Main.storyboard in Resources */ = {isa = PBXBuildFile; fileRef = 38403E2C190F28B200DA39A0 /* Main.storyboard */; };
		38403E31190F28B200DA39A0 /* ViewController.m in Sources */ = {isa = PBXBuildFile; fileRef = 38403E30190F28B200DA39A0 /* ViewController.m */; };
		38403E33190F28B200DA39A0 /* Images.xcassets in Resources */ = {isa = PBXBuildFile; fileRef = 38403E32190F28B200DA39A0 /* Images.xcassets */; };
		38403E3A190F28B200DA39A0 /* XCTest.framework in Frameworks */ = {isa = PBXBuildFile; fileRef = 38403E39190F28B200DA39A0 /* XCTest.framework */; };
		38403E3B190F28B200DA39A0 /* Foundation.framework in Frameworks */ = {isa = PBXBuildFile; fileRef = 38403E1A190F28B200DA39A0 /* Foundation.framework */; };
		38403E3C190F28B200DA39A0 /* UIKit.framework in Frameworks */ = {isa = PBXBuildFile; fileRef = 38403E1E190F28B200DA39A0 /* UIKit.framework */; };
		38403E44190F28B200DA39A0 /* InfoPlist.strings in Resources */ = {isa = PBXBuildFile; fileRef = 38403E42190F28B200DA39A0 /* InfoPlist.strings */; };
		38403E46190F28B200DA39A0 /* AddressBook2Tests.m in Sources */ = {isa = PBXBuildFile; fileRef = 38403E45190F28B200DA39A0 /* AddressBook2Tests.m */; };
/* End PBXBuildFile section */

/* Begin PBXContainerItemProxy section */
		38403E3D190F28B200DA39A0 /* PBXContainerItemProxy */ = {
			isa = PBXContainerItemProxy;
			containerPortal = 38403E0F190F28B200DA39A0 /* Project object */;
			proxyType = 1;
			remoteGlobalIDString = 38403E16190F28B200DA39A0;
			remoteInfo = AddressBook2;
		};
/* End PBXContainerItemProxy section */

/* Begin PBXFileReference section */
		38403E17190F28B200DA39A0 /* AddressBook2.app */ = {isa = PBXFileReference; explicitFileType = wrapper.application; includeInIndex = 0; path = AddressBook2.app; sourceTree = BUILT_PRODUCTS_DIR; };
		38403E1A190F28B200DA39A0 /* Foundation.framework */ = {isa = PBXFileReference; lastKnownFileType = wrapper.framework; name = Foundation.framework; path = System/Library/Frameworks/Foundation.framework; sourceTree = SDKROOT; };
		38403E1C190F28B200DA39A0 /* CoreGraphics.framework */ = {isa = PBXFileReference; lastKnownFileType = wrapper.framework; name = CoreGraphics.framework; path = System/Library/Frameworks/CoreGraphics.framework; sourceTree = SDKROOT; };
		38403E1E190F28B200DA39A0 /* UIKit.framework */ = {isa = PBXFileReference; lastKnownFileType = wrapper.framework; name = UIKit.framework; path = System/Library/Frameworks/UIKit.framework; sourceTree = SDKROOT; };
		38403E22190F28B200DA39A0 /* AddressBook2-Info.plist */ = {isa = PBXFileReference; lastKnownFileType = text.plist.xml; path = "AddressBook2-Info.plist"; sourceTree = "<group>"; };
		38403E24190F28B200DA39A0 /* en */ = {isa = PBXFileReference; lastKnownFileType = text.plist.strings; name = en; path = en.lproj/InfoPlist.strings; sourceTree = "<group>"; };
		38403E26190F28B200DA39A0 /* main.m */ = {isa = PBXFileReference; lastKnownFileType = sourcecode.c.objc; path = main.m; sourceTree = "<group>"; };
		38403E28190F28B200DA39A0 /* AddressBook2-Prefix.pch */ = {isa = PBXFileReference; lastKnownFileType = sourcecode.c.h; path = "AddressBook2-Prefix.pch"; sourceTree = "<group>"; };
		38403E29190F28B200DA39A0 /* AppDelegate.h */ = {isa = PBXFileReference; lastKnownFileType = sourcecode.c.h; path = AppDelegate.h; sourceTree = "<group>"; };
		38403E2A190F28B200DA39A0 /* AppDelegate.m */ = {isa = PBXFileReference; lastKnownFileType = sourcecode.c.objc; path = AppDelegate.m; sourceTree = "<group>"; };
		38403E2D190F28B200DA39A0 /* Base */ = {isa = PBXFileReference; lastKnownFileType = file.storyboard; name = Base; path = Base.lproj/Main.storyboard; sourceTree = "<group>"; };
		38403E2F190F28B200DA39A0 /* ViewController.h */ = {isa = PBXFileReference; lastKnownFileType = sourcecode.c.h; path = ViewController.h; sourceTree = "<group>"; };
		38403E30190F28B200DA39A0 /* ViewController.m */ = {isa = PBXFileReference; lastKnownFileType = sourcecode.c.objc; path = ViewController.m; sourceTree = "<group>"; };
		38403E32190F28B200DA39A0 /* Images.xcassets */ = {isa = PBXFileReference; lastKnownFileType = folder.assetcatalog; path = Images.xcassets; sourceTree = "<group>"; };
		38403E38190F28B200DA39A0 /* AddressBook2Tests.xctest */ = {isa = PBXFileReference; explicitFileType = wrapper.cfbundle; includeInIndex = 0; path = AddressBook2Tests.xctest; sourceTree = BUILT_PRODUCTS_DIR; };
		38403E39190F28B200DA39A0 /* XCTest.framework */ = {isa = PBXFileReference; lastKnownFileType = wrapper.framework; name = XCTest.framework; path = Library/Frameworks/XCTest.framework; sourceTree = DEVELOPER_DIR; };
		38403E41190F28B200DA39A0 /* AddressBook2Tests-Info.plist */ = {isa = PBXFileReference; lastKnownFileType = text.plist.xml; path = "AddressBook2Tests-Info.plist"; sourceTree = "<group>"; };
		38403E43190F28B200DA39A0 /* en */ = {isa = PBXFileReference; lastKnownFileType = text.plist.strings; name = en; path = en.lproj/InfoPlist.strings; sourceTree = "<group>"; };
		38403E45190F28B200DA39A0 /* AddressBook2Tests.m */ = {isa = PBXFileReference; lastKnownFileType = sourcecode.c.objc; path = AddressBook2Tests.m; sourceTree = "<group>"; };
/* End PBXFileReference section */

/* Begin PBXFrameworksBuildPhase section */
		38403E14190F28B200DA39A0 /* Frameworks */ = {
			isa = PBXFrameworksBuildPhase;
			buildActionMask = 2147483647;
			files = (
				38403E1D190F28B200DA39A0 /* CoreGraphics.framework in Frameworks */,
				38403E1F190F28B200DA39A0 /* UIKit.framework in Frameworks */,
				38403E1B190F28B200DA39A0 /* Foundation.framework in Frameworks */,
			);
			runOnlyForDeploymentPostprocessing = 0;
		};
		38403E35190F28B200DA39A0 /* Frameworks */ = {
			isa = PBXFrameworksBuildPhase;
			buildActionMask = 2147483647;
			files = (
				38403E3A190F28B200DA39A0 /* XCTest.framework in Frameworks */,
				38403E3C190F28B200DA39A0 /* UIKit.framework in Frameworks */,
				38403E3B190F28B200DA39A0 /* Foundation.framework in Frameworks */,
			);
			runOnlyForDeploymentPostprocessing = 0;
		};
/* End PBXFrameworksBuildPhase section */

/* Begin PBXGroup section */
		38403E0E190F28B200DA39A0 = {
			isa = PBXGroup;
			children = (
				38403E20190F28B200DA39A0 /* AddressBook2 */,
				38403E3F190F28B200DA39A0 /* AddressBook2Tests */,
				38403E19190F28B200DA39A0 /* Frameworks */,
				38403E18190F28B200DA39A0 /* Products */,
			);
			sourceTree = "<group>";
		};
		38403E18190F28B200DA39A0 /* Products */ = {
			isa = PBXGroup;
			children = (
				38403E17190F28B200DA39A0 /* AddressBook2.app */,
				38403E38190F28B200DA39A0 /* AddressBook2Tests.xctest */,
			);
			name = Products;
			sourceTree = "<group>";
		};
		38403E19190F28B200DA39A0 /* Frameworks */ = {
			isa = PBXGroup;
			children = (
				38403E1A190F28B200DA39A0 /* Foundation.framework */,
				38403E1C190F28B200DA39A0 /* CoreGraphics.framework */,
				38403E1E190F28B200DA39A0 /* UIKit.framework */,
				38403E39190F28B200DA39A0 /* XCTest.framework */,
			);
			name = Frameworks;
			sourceTree = "<group>";
		};
		38403E20190F28B200DA39A0 /* AddressBook2 */ = {
			isa = PBXGroup;
			children = (
				38403E29190F28B200DA39A0 /* AppDelegate.h */,
				38403E2A190F28B200DA39A0 /* AppDelegate.m */,
				38403E2C190F28B200DA39A0 /* Main.storyboard */,
				38403E2F190F28B200DA39A0 /* ViewController.h */,
				38403E30190F28B200DA39A0 /* ViewController.m */,
				38403E32190F28B200DA39A0 /* Images.xcassets */,
				38403E21190F28B200DA39A0 /* Supporting Files */,
			);
			path = AddressBook2;
			sourceTree = "<group>";
		};
		38403E21190F28B200DA39A0 /* Supporting Files */ = {
			isa = PBXGroup;
			children = (
				38403E22190F28B200DA39A0 /* AddressBook2-Info.plist */,
				38403E23190F28B200DA39A0 /* InfoPlist.strings */,
				38403E26190F28B200DA39A0 /* main.m */,
				38403E28190F28B200DA39A0 /* AddressBook2-Prefix.pch */,
			);
			name = "Supporting Files";
			sourceTree = "<group>";
		};
		38403E3F190F28B200DA39A0 /* AddressBook2Tests */ = {
			isa = PBXGroup;
			children = (
				38403E45190F28B200DA39A0 /* AddressBook2Tests.m */,
				38403E40190F28B200DA39A0 /* Supporting Files */,
			);
			path = AddressBook2Tests;
			sourceTree = "<group>";
		};
		38403E40190F28B200DA39A0 /* Supporting Files */ = {
			isa = PBXGroup;
			children = (
				38403E41190F28B200DA39A0 /* AddressBook2Tests-Info.plist */,
				38403E42190F28B200DA39A0 /* InfoPlist.strings */,
			);
			name = "Supporting Files";
			sourceTree = "<group>";
		};
/* End PBXGroup section */

/* Begin PBXNativeTarget section */
		38403E16190F28B200DA39A0 /* AddressBook2 */ = {
			isa = PBXNativeTarget;
			buildConfigurationList = 38403E49190F28B200DA39A0 /* Build configuration list for PBXNativeTarget "AddressBook2" */;
			buildPhases = (
				38403E13190F28B200DA39A0 /* Sources */,
				38403E14190F28B200DA39A0 /* Frameworks */,
				38403E15190F28B200DA39A0 /* Resources */,
			);
			buildRules = (
			);
			dependencies = (
			);
			name = AddressBook2;
			productName = AddressBook2;
			productReference = 38403E17190F28B200DA39A0 /* AddressBook2.app */;
			productType = "com.apple.product-type.application";
		};
		38403E37190F28B200DA39A0 /* AddressBook2Tests */ = {
			isa = PBXNativeTarget;
			buildConfigurationList = 38403E4C190F28B200DA39A0 /* Build configuration list for PBXNativeTarget "AddressBook2Tests" */;
			buildPhases = (
				38403E34190F28B200DA39A0 /* Sources */,
				38403E35190F28B200DA39A0 /* Frameworks */,
				38403E36190F28B200DA39A0 /* Resources */,
			);
			buildRules = (
			);
			dependencies = (
				38403E3E190F28B200DA39A0 /* PBXTargetDependency */,
			);
			name = AddressBook2Tests;
			productName = AddressBook2Tests;
			productReference = 38403E38190F28B200DA39A0 /* AddressBook2Tests.xctest */;
			productType = "com.apple.product-type.bundle.unit-test";
		};
/* End PBXNativeTarget section */

/* Begin PBXProject section */
		38403E0F190F28B200DA39A0 /* Project object */ = {
			isa = PBXProject;
			attributes = {
				LastUpgradeCheck = 0510;
				ORGANIZATIONNAME = "Jilian Scott";
				TargetAttributes = {
					38403E37190F28B200DA39A0 = {
						TestTargetID = 38403E16190F28B200DA39A0;
					};
				};
			};
			buildConfigurationList = 38403E12190F28B200DA39A0 /* Build configuration list for PBXProject "AddressBook2" */;
			compatibilityVersion = "Xcode 3.2";
			developmentRegion = English;
			hasScannedForEncodings = 0;
			knownRegions = (
				en,
				Base,
			);
			mainGroup = 38403E0E190F28B200DA39A0;
			productRefGroup = 38403E18190F28B200DA39A0 /* Products */;
			projectDirPath = "";
			projectRoot = "";
			targets = (
				38403E16190F28B200DA39A0 /* AddressBook2 */,
				38403E37190F28B200DA39A0 /* AddressBook2Tests */,
			);
		};
/* End PBXProject section */

/* Begin PBXResourcesBuildPhase section */
		38403E15190F28B200DA39A0 /* Resources */ = {
			isa = PBXResourcesBuildPhase;
			buildActionMask = 2147483647;
			files = (
				38403E33190F28B200DA39A0 /* Images.xcassets in Resources */,
				38403E25190F28B200DA39A0 /* InfoPlist.strings in Resources */,
				38403E2E190F28B200DA39A0 /* Main.storyboard in Resources */,
			);
			runOnlyForDeploymentPostprocessing = 0;
		};
		38403E36190F28B200DA39A0 /* Resources */ = {
			isa = PBXResourcesBuildPhase;
			buildActionMask = 2147483647;
			files = (
				38403E44190F28B200DA39A0 /* InfoPlist.strings in Resources */,
			);
			runOnlyForDeploymentPostprocessing = 0;
		};
/* End PBXResourcesBuildPhase section */

/* Begin PBXSourcesBuildPhase section */
		38403E13190F28B200DA39A0 /* Sources */ = {
			isa = PBXSourcesBuildPhase;
			buildActionMask = 2147483647;
			files = (
				38403E31190F28B200DA39A0 /* ViewController.m in Sources */,
				38403E2B190F28B200DA39A0 /* AppDelegate.m in Sources */,
				38403E27190F28B200DA39A0 /* main.m in Sources */,
			);
			runOnlyForDeploymentPostprocessing = 0;
		};
		38403E34190F28B200DA39A0 /* Sources */ = {
			isa = PBXSourcesBuildPhase;
			buildActionMask = 2147483647;
			files = (
				38403E46190F28B200DA39A0 /* AddressBook2Tests.m in Sources */,
			);
			runOnlyForDeploymentPostprocessing = 0;
		};
/* End PBXSourcesBuildPhase section */

/* Begin PBXTargetDependency section */
		38403E3E190F28B200DA39A0 /* PBXTargetDependency */ = {
			isa = PBXTargetDependency;
			target = 38403E16190F28B200DA39A0 /* AddressBook2 */;
			targetProxy = 38403E3D190F28B200DA39A0 /* PBXContainerItemProxy */;
		};
/* End PBXTargetDependency section */

/* Begin PBXVariantGroup section */
		38403E23190F28B200DA39A0 /* InfoPlist.strings */ = {
			isa = PBXVariantGroup;
			children = (
				38403E24190F28B200DA39A0 /* en */,
			);
			name = InfoPlist.strings;
			sourceTree = "<group>";
		};
		38403E2C190F28B200DA39A0 /* Main.storyboard */ = {
			isa = PBXVariantGroup;
			children = (
				38403E2D190F28B200DA39A0 /* Base */,
			);
			name = Main.storyboard;
			sourceTree = "<group>";
		};
		38403E42190F28B200DA39A0 /* InfoPlist.strings */ = {
			isa = PBXVariantGroup;
			children = (
				38403E43190F28B200DA39A0 /* en */,
			);
			name = InfoPlist.strings;
			sourceTree = "<group>";
		};
/* End PBXVariantGroup section */

/* Begin XCBuildConfiguration section */
		38403E47190F28B200DA39A0 /* Debug */ = {
			isa = XCBuildConfiguration;
			buildSettings = {
				ALWAYS_SEARCH_USER_PATHS = NO;
				CLANG_CXX_LANGUAGE_STANDARD = "gnu++0x";
				CLANG_CXX_LIBRARY = "libc++";
				CLANG_ENABLE_MODULES = YES;
				CLANG_ENABLE_OBJC_ARC = YES;
				CLANG_WARN_BOOL_CONVERSION = YES;
				CLANG_WARN_CONSTANT_CONVERSION = YES;
				CLANG_WARN_DIRECT_OBJC_ISA_USAGE = YES_ERROR;
				CLANG_WARN_EMPTY_BODY = YES;
				CLANG_WARN_ENUM_CONVERSION = YES;
				CLANG_WARN_INT_CONVERSION = YES;
				CLANG_WARN_OBJC_ROOT_CLASS = YES_ERROR;
				CLANG_WARN__DUPLICATE_METHOD_MATCH = YES;
				"CODE_SIGN_IDENTITY[sdk=iphoneos*]" = "iPhone Developer";
				COPY_PHASE_STRIP = NO;
				GCC_C_LANGUAGE_STANDARD = gnu99;
				GCC_DYNAMIC_NO_PIC = NO;
				GCC_OPTIMIZATION_LEVEL = 0;
				GCC_PREPROCESSOR_DEFINITIONS = (
					"DEBUG=1",
					"$(inherited)",
				);
				GCC_SYMBOLS_PRIVATE_EXTERN = NO;
				GCC_WARN_64_TO_32_BIT_CONVERSION = YES;
				GCC_WARN_ABOUT_RETURN_TYPE = YES_ERROR;
				GCC_WARN_UNDECLARED_SELECTOR = YES;
				GCC_WARN_UNINITIALIZED_AUTOS = YES_AGGRESSIVE;
				GCC_WARN_UNUSED_FUNCTION = YES;
				GCC_WARN_UNUSED_VARIABLE = YES;
				IPHONEOS_DEPLOYMENT_TARGET = 7.1;
				ONLY_ACTIVE_ARCH = YES;
				SDKROOT = iphoneos;
			};
			name = Debug;
		};
		38403E48190F28B200DA39A0 /* Release */ = {
			isa = XCBuildConfiguration;
			buildSettings = {
				ALWAYS_SEARCH_USER_PATHS = NO;
				CLANG_CXX_LANGUAGE_STANDARD = "gnu++0x";
				CLANG_CXX_LIBRARY = "libc++";
				CLANG_ENABLE_MODULES = YES;
				CLANG_ENABLE_OBJC_ARC = YES;
				CLANG_WARN_BOOL_CONVERSION = YES;
				CLANG_WARN_CONSTANT_CONVERSION = YES;
				CLANG_WARN_DIRECT_OBJC_ISA_USAGE = YES_ERROR;
				CLANG_WARN_EMPTY_BODY = YES;
				CLANG_WARN_ENUM_CONVERSION = YES;
				CLANG_WARN_INT_CONVERSION = YES;
				CLANG_WARN_OBJC_ROOT_CLASS = YES_ERROR;
				CLANG_WARN__DUPLICATE_METHOD_MATCH = YES;
				"CODE_SIGN_IDENTITY[sdk=iphoneos*]" = "iPhone Developer";
				COPY_PHASE_STRIP = YES;
				ENABLE_NS_ASSERTIONS = NO;
				GCC_C_LANGUAGE_STANDARD = gnu99;
				GCC_WARN_64_TO_32_BIT_CONVERSION = YES;
				GCC_WARN_ABOUT_RETURN_TYPE = YES_ERROR;
				GCC_WARN_UNDECLARED_SELECTOR = YES;
				GCC_WARN_UNINITIALIZED_AUTOS = YES_AGGRESSIVE;
				GCC_WARN_UNUSED_FUNCTION = YES;
				GCC_WARN_UNUSED_VARIABLE = YES;
				IPHONEOS_DEPLOYMENT_TARGET = 7.1;
				SDKROOT = iphoneos;
				VALIDATE_PRODUCT = YES;
			};
			name = Release;
		};
		38403E4A190F28B200DA39A0 /* Debug */ = {
			isa = XCBuildConfiguration;
			buildSettings = {
				ASSETCATALOG_COMPILER_APPICON_NAME = AppIcon;
				ASSETCATALOG_COMPILER_LAUNCHIMAGE_NAME = LaunchImage;
				GCC_PRECOMPILE_PREFIX_HEADER = YES;
				GCC_PREFIX_HEADER = "AddressBook2/AddressBook2-Prefix.pch";
				INFOPLIST_FILE = "AddressBook2/AddressBook2-Info.plist";
				PRODUCT_NAME = "$(TARGET_NAME)";
				WRAPPER_EXTENSION = app;
			};
			name = Debug;
		};
		38403E4B190F28B200DA39A0 /* Release */ = {
			isa = XCBuildConfiguration;
			buildSettings = {
				ASSETCATALOG_COMPILER_APPICON_NAME = AppIcon;
				ASSETCATALOG_COMPILER_LAUNCHIMAGE_NAME = LaunchImage;
				GCC_PRECOMPILE_PREFIX_HEADER = YES;
				GCC_PREFIX_HEADER = "AddressBook2/AddressBook2-Prefix.pch";
				INFOPLIST_FILE = "AddressBook2/AddressBook2-Info.plist";
				PRODUCT_NAME = "$(TARGET_NAME)";
				WRAPPER_EXTENSION = app;
			};
			name = Release;
		};
		38403E4D190F28B200DA39A0 /* Debug */ = {
			isa = XCBuildConfiguration;
			buildSettings = {
				BUNDLE_LOADER = "$(BUILT_PRODUCTS_DIR)/AddressBook2.app/AddressBook2";
				FRAMEWORK_SEARCH_PATHS = (
					"$(SDKROOT)/Developer/Library/Frameworks",
					"$(inherited)",
					"$(DEVELOPER_FRAMEWORKS_DIR)",
				);
				GCC_PRECOMPILE_PREFIX_HEADER = YES;
				GCC_PREFIX_HEADER = "AddressBook2/AddressBook2-Prefix.pch";
				GCC_PREPROCESSOR_DEFINITIONS = (
					"DEBUG=1",
					"$(inherited)",
				);
				INFOPLIST_FILE = "AddressBook2Tests/AddressBook2Tests-Info.plist";
				PRODUCT_NAME = "$(TARGET_NAME)";
				TEST_HOST = "$(BUNDLE_LOADER)";
				WRAPPER_EXTENSION = xctest;
			};
			name = Debug;
		};
		38403E4E190F28B200DA39A0 /* Release */ = {
			isa = XCBuildConfiguration;
			buildSettings = {
				BUNDLE_LOADER = "$(BUILT_PRODUCTS_DIR)/AddressBook2.app/AddressBook2";
				FRAMEWORK_SEARCH_PATHS = (
					"$(SDKROOT)/Developer/Library/Frameworks",
					"$(inherited)",
					"$(DEVELOPER_FRAMEWORKS_DIR)",
				);
				GCC_PRECOMPILE_PREFIX_HEADER = YES;
				GCC_PREFIX_HEADER = "AddressBook2/AddressBook2-Prefix.pch";
				INFOPLIST_FILE = "AddressBook2Tests/AddressBook2Tests-Info.plist";
				PRODUCT_NAME = "$(TARGET_NAME)";
				TEST_HOST = "$(BUNDLE_LOADER)";
				WRAPPER_EXTENSION = xctest;
			};
			name = Release;
		};
/* End XCBuildConfiguration section */

/* Begin XCConfigurationList section */
		38403E12190F28B200DA39A0 /* Build configuration list for PBXProject "AddressBook2" */ = {
			isa = XCConfigurationList;
			buildConfigurations = (
				38403E47190F28B200DA39A0 /* Debug */,
				38403E48190F28B200DA39A0 /* Release */,
			);
			defaultConfigurationIsVisible = 0;
			defaultConfigurationName = Release;
		};
		38403E49190F28B200DA39A0 /* Build configuration list for PBXNativeTarget "AddressBook2" */ = {
			isa = XCConfigurationList;
			buildConfigurations = (
				38403E4A190F28B200DA39A0 /* Debug */,
				38403E4B190F28B200DA39A0 /* Release */,
			);
			defaultConfigurationIsVisible = 0;
		};
		38403E4C190F28B200DA39A0 /* Build configuration list for PBXNativeTarget "AddressBook2Tests" */ = {
			isa = XCConfigurationList;
			buildConfigurations = (
				38403E4D190F28B200DA39A0 /* Debug */,
				38403E4E190F28B200DA39A0 /* Release */,
			);
			defaultConfigurationIsVisible = 0;
		};
/* End XCConfigurationList section */
	};
	rootObject = 38403E0F190F28B200DA39A0 /* Project object */;
}
